Microsoft Visual Studio Solution File, Format Version 12.00
# Visual Studio Version 17
VisualStudioVersion = 17.5.2.0
MinimumVisualStudioVersion = 10.0.40219.1
Project("{FAE04EC0-301F-11D3-BF4B-00C04F79EFBC}") = "DemoMVC", "DemoMVC\DemoMVC.csproj", "{095EBCCB-EC8E-323E-1610-1E7EF9AC64DC}"
EndProject
Project("{FAE04EC0-301F-11D3-BF4B-00C04F79EFBC}") = "NewApp", "NewApp\NewApp.csproj", "{96D00EA1-3106-DDA8-2295-A45A578AE3C0}"
EndProject
Global
	GlobalSection(SolutionConfigurationPlatforms) = preSolution
		Debug|Any CPU = Debug|Any CPU
		Release|Any CPU = Release|Any CPU
	EndGlobalSection
	GlobalSection(ProjectConfigurationPlatforms) = postSolution
		{095EBCCB-EC8E-323E-1610-1E7EF9AC64DC}.Debug|Any CPU.ActiveCfg = Debug|Any CPU
		{095EBCCB-EC8E-323E-1610-1E7EF9AC64DC}.Debug|Any CPU.Build.0 = Debug|Any CPU
		{095EBCCB-EC8E-323E-1610-1E7EF9AC64DC}.Release|Any CPU.ActiveCfg = Release|Any CPU
		{095EBCCB-EC8E-323E-1610-1E7EF9AC64DC}.Release|Any CPU.Build.0 = Release|Any CPU
		{96D00EA1-3106-DDA8-2295-A45A578AE3C0}.Debug|Any CPU.ActiveCfg = Debug|Any CPU
		{96D00EA1-3106-DDA8-2295-A45A578AE3C0}.Debug|Any CPU.Build.0 = Debug|Any CPU
		{96D00EA1-3106-DDA8-2295-A45A578AE3C0}.Release|Any CPU.ActiveCfg = Release|Any CPU
		{96D00EA1-3106-DDA8-2295-A45A578AE3C0}.Release|Any CPU.Build.0 = Release|Any CPU
	EndGlobalSection
	GlobalSection(SolutionProperties) = preSolution
		HideSolutionNode = FALSE
	EndGlobalSection
	GlobalSection(ExtensibilityGlobals) = postSolution
		SolutionGuid = {C4E4F4FB-D2F6-40DC-883E-8326CB47E916}
	EndGlobalSection
EndGlobal
